# This file is autogenerated, do not edit; changes may be undone by the next 'dep ensure'.


[[projects]]
  digest = "1:cf8ec4a029225de88ab7f0e689a4ae9ca42a0cc776cc7d151b12d29acddb449e"
  name = "github.com/Scalingo/go-handlers"
  packages = ["."]
  pruneopts = ""
  revision = "d30fbbd3adddda1d86e0dbeb261c607bfe31eda4"
  version = "v1.2.4"

[[projects]]
  digest = "1:992e7b82ea70aeaae0b9ef29d847410e98a66f14c8e559ba11c26a60cff6695f"
  name = "github.com/Scalingo/go-utils"
  packages = [
    "errors",
    "logger",
  ]
  pruneopts = ""
  revision = "a61ca6b0ca1b9f8034d52b4b9b163cc4dad59b4e"
  version = "v7.1.0"

[[projects]]
  digest = "1:b9e40449c82e4d149a786f2e4b1f687215d61dd38eddc382a4f7f21f8408a658"
  name = "github.com/codegangsta/negroni"
  packages = ["."]
  pruneopts = ""
  revision = "5dbbc83f748fc3ad38585842b0aedab546d0ea1e"
  version = "v0.3.0"

[[projects]]
  digest = "1:dbbeb8ddb0be949954c8157ee8439c2adfd8dc1c9510eb44a6e58cb68c3dce28"
  name = "github.com/gorilla/context"
  packages = ["."]
  pruneopts = ""
  revision = "08b5f424b9271eedf6f9f0ce86cb9396ed337a42"
  version = "v1.1.1"

[[projects]]
  digest = "1:c2c8666b4836c81a1d247bdf21c6a6fc1ab586538ab56f74437c2e0df5c375e1"
  name = "github.com/gorilla/mux"
  packages = ["."]
  pruneopts = ""
  revision = "e3702bed27f0d39777b0b37b664b6280e8ef8fbf"
  version = "v1.6.2"

[[projects]]
  digest = "1:b60a24f942c7031ece6c48bcab0b683c7d3d6aa9fd17e21459d9ae604da258fa"
  name = "github.com/kelseyhightower/envconfig"
  packages = ["."]
  pruneopts = ""
  revision = "f611eb38b3875cc3bd991ca91c51d06446afa14c"
  version = "v1.3.0"

[[projects]]
  digest = "1:7365acd48986e205ccb8652cc746f09c8b7876030d53710ea6ef7d0bd0dcd7ca"
  name = "github.com/pkg/errors"
  packages = ["."]
  pruneopts = ""
  revision = "645ef00459ed84a119197bfb8d8205042c6df63d"
  version = "v0.8.0"

[[projects]]
  digest = "1:d4fec58ef1540ef89350bf22c25e013a9f9f57de12180d9067a1e25a5925d99b"
  name = "github.com/satori/go.uuid"
  packages = ["."]
  pruneopts = ""
  revision = "36e9d2ebbde5e3f13ab2e25625fd453271d6522e"

[[projects]]
  digest = "1:8cf46b6c18a91068d446e26b67512cf16f1540b45d90b28b9533706a127f0ca6"
  name = "github.com/sirupsen/logrus"
  packages = ["."]
  pruneopts = ""
  revision = "c155da19408a8799da419ed3eeb0cb5db0ad5dbc"
  version = "v1.0.5"

[[projects]]
  branch = "master"
  digest = "1:6ef14be530be39b6b9d75d54ce1d546ae9231e652d9e3eef198cbb19ce8ed3e7"
  name = "golang.org/x/crypto"
  packages = ["ssh/terminal"]
  pruneopts = ""
  revision = "a49355c7e3f8fe157a85be2f77e6e269a0f89602"

[[projects]]
  branch = "master"
  digest = "1:19f072f12708aaafef9064b49432953e3f813a98fcb356b30831cf2b0f5272b3"
  name = "golang.org/x/sys"
  packages = [
    "unix",
    "windows",
  ]
  pruneopts = ""
  revision = "1b2967e3c290b7c545b3db0deeda16e9be4f98a2"

[[projects]]
  branch = "v1"
  digest = "1:9a87857eb670ce2d82ea9a54738bac3b1aa1283946362be8bc6ea08121beacaf"
  name = "gopkg.in/errgo.v1"
  packages = ["."]
  pruneopts = ""
  revision = "c17903c6b19d5dedb9cfba9fa314c7fae63e554f"

[solve-meta]
  analyzer-name = "dep"
  analyzer-version = 1
  input-imports = [
    "github.com/Scalingo/go-handlers",
    "github.com/Scalingo/go-utils/logger",
    "github.com/kelseyhightower/envconfig",
    "github.com/sirupsen/logrus",
  ]
  solver-name = "gps-cdcl"
  solver-version = 1
